
Microsoft Visual Studio Solution File, Format Version 12.00
# Visual Studio Version 17
VisualStudioVersion = 17.6.33829.357
MinimumVisualStudioVersion = 10.0.40219.1
Project("{FAE04EC0-301F-11D3-BF4B-00C04F79EFBC}") = "ProgrammingC", "ProgrammingC\ProgrammingC.csproj", "{DB45FB9E-33C8-4A1B-997B-6E0A66EFC609}"
EndProject
Global
	GlobalSection(SolutionConfigurationPlatforms) = preSolution
		Debug|Any CPU = Debug|Any CPU
		Release|Any CPU = Release|Any CPU
	EndGlobalSection
	GlobalSection(ProjectConfigurationPlatforms) = postSolution
		{DB45FB9E-33C8-4A1B-997B-6E0A66EFC609}.Debug|Any CPU.ActiveCfg = Debug|Any CPU
		{DB45FB9E-33C8-4A1B-997B-6E0A66EFC609}.Debug|Any CPU.Build.0 = Debug|Any CPU
		{DB45FB9E-33C8-4A1B-997B-6E0A66EFC609}.Release|Any CPU.ActiveCfg = Release|Any CPU
		{DB45FB9E-33C8-4A1B-997B-6E0A66EFC609}.Release|Any CPU.Build.0 = Release|Any CPU
	EndGlobalSection
	GlobalSection(SolutionProperties) = preSolution
		HideSolutionNode = FALSE
	EndGlobalSection
	GlobalSection(ExtensibilityGlobals) = postSolution
		SolutionGuid = {4CACC0F0-EA7D-4C67-8017-5FA02AAAF92F}
	EndGlobalSection
EndGlobal
